{
  "name": "playground",
  "lockfileVersion": 2,
  "requires": true,
  "packages": {
    "": {
      "dependencies": {
        "@fortawesome/fontawesome-svg-core": "^6.4.0",
        "@fortawesome/free-brands-svg-icons": "^6.4.0",
        "@fortawesome/free-regular-svg-icons": "^6.4.0",
        "@fortawesome/free-solid-svg-icons": "^6.4.0",
        "@fortawesome/vue-fontawesome": "^3.0.3",
        "vue": "^3.3.4"
      },
      "devDependencies": {
        "@vitejs/plugin-vue": "^4.2.3",
        "vite": "^4.3.8",
        "vite-plugin-inspect": "^0.7.28"
      }
    },
    "../node_modules/.pnpm/@fortawesome+fontawesome-svg-core@6.4.0/node_modules/@fortawesome/fontawesome-svg-core": {
      "version": "6.4.0",
      "hasInstallScript": true,
      "license": "MIT",
      "dependencies": {
        "@fortawesome/fontawesome-common-types": "6.4.0"
      },
      "engines": {
        "node": ">=6"
      }
    },
    "../node_modules/.pnpm/@fortawesome+free-brands-svg-icons@6.4.0/node_modules/@fortawesome/free-brands-svg-icons": {
      "version": "6.4.0",
      "hasInstallScript": true,
      "license": "(CC-BY-4.0 AND MIT)",
      "dependencies": {
        "@fortawesome/fontawesome-common-types": "6.4.0"
      },
      "engines": {
        "node": ">=6"
      }
    },
    "../node_modules/.pnpm/@fortawesome+free-regular-svg-icons@6.4.0/node_modules/@fortawesome/free-regular-svg-icons": {
      "version": "6.4.0",
      "hasInstallScript": true,
      "license": "(CC-BY-4.0 AND MIT)",
      "dependencies": {
        "@fortawesome/fontawesome-common-types": "6.4.0"
      },
      "engines": {
        "node": ">=6"
      }
    },
    "../node_modules/.pnpm/@fortawesome+free-solid-svg-icons@6.4.0/node_modules/@fortawesome/free-solid-svg-icons": {
      "version": "6.4.0",
      "hasInstallScript": true,
      "license": "(CC-BY-4.0 AND MIT)",
      "dependencies": {
        "@fortawesome/fontawesome-common-types": "6.4.0"
      },
      "engines": {
        "node": ">=6"
      }
    },
    "../node_modules/.pnpm/@vitejs+plugin-vue@4.2.3_vite@4.3.8_vue@3.3.4/node_modules/@vitejs/plugin-vue": {
      "version": "4.2.3",
      "dev": true,
      "license": "MIT",
      "devDependencies": {
        "@jridgewell/gen-mapping": "^0.3.2",
        "@jridgewell/trace-mapping": "^0.3.17",
        "debug": "^4.3.4",
        "rollup": "^3.17.2",
        "slash": "^5.0.0",
        "source-map": "^0.6.1",
        "vite": "^4.3.5",
        "vue": "^3.3.0-beta.5"
      },
      "engines": {
        "node": "^14.18.0 || >=16.0.0"
      },
      "peerDependencies": {
        "vite": "^4.0.0",
        "vue": "^3.2.25"
      }
    },
    "../node_modules/.pnpm/vite-plugin-inspect@0.7.28_rollup@3.23.0_vite@4.3.8/node_modules/vite-plugin-inspect": {
      "version": "0.7.28",
      "dev": true,
      "license": "MIT",
      "dependencies": {
        "@antfu/utils": "^0.7.2",
        "@rollup/pluginutils": "^5.0.2",
        "debug": "^4.3.4",
        "fs-extra": "^11.1.1",
        "open": "^9.1.0",
        "picocolors": "^1.0.0",
        "sirv": "^2.0.3"
      },
      "devDependencies": {
        "@antfu/eslint-config": "^0.39.3",
        "@antfu/ni": "^0.21.3",
        "@iconify/json": "^2.2.68",
        "@types/codemirror": "^5.60.7",
        "@types/debug": "^4.1.8",
        "@types/diff-match-patch": "^1.0.32",
        "@types/fs-extra": "^11.0.1",
        "@types/node": "^20.2.3",
        "@unocss/eslint-config": "^0.52.2",
        "@vitejs/plugin-vue": "^4.2.3",
        "@vue/compiler-sfc": "^3.3.4",
        "@vueuse/core": "^10.1.2",
        "@vueuse/router": "^10.1.2",
        "bumpp": "^9.1.0",
        "codemirror": "^5.65.8",
        "codemirror-theme-vars": "^0.1.2",
        "comlink": "^4.4.1",
        "cross-env": "^7.0.3",
        "diff-match-patch": "^1.0.5",
        "echarts": "^5.4.2",
        "eslint": "^8.41.0",
        "esno": "^0.16.3",
        "fuse.js": "^6.6.2",
        "lint-staged": "^13.2.2",
        "npm-run-all": "^4.1.5",
        "ohash": "^1.1.2",
        "prism-theme-vars": "^0.2.4",
        "rimraf": "^5.0.1",
        "simple-git-hooks": "^2.8.1",
        "splitpanes": "^3.1.5",
        "typescript": "^5.0.4",
        "unbuild": "^1.2.1",
        "unocss": "^0.52.2",
        "unplugin-auto-import": "^0.16.2",
        "unplugin-vue-components": "^0.24.1",
        "vis-data": "7.1.6",
        "vis-network": "9.1.6",
        "vite": "^4.3.8",
        "vite-dev-rpc": "^0.1.2",
        "vite-hot-client": "^0.2.1",
        "vite-plugin-pages": "^0.30.1",
        "vue": "^3.3.4",
        "vue-echarts": "^6.5.5",
        "vue-router": "^4.2.1"
      },
      "engines": {
        "node": ">=14"
      },
      "funding": {
        "url": "https://github.com/sponsors/antfu"
      },
      "peerDependencies": {
        "vite": "^3.1.0 || ^4.0.0"
      }
    },
    "../node_modules/.pnpm/vite@4.3.8_@types+node@18.16.14/node_modules/vite": {
      "version": "4.3.8",
      "dev": true,
      "license": "MIT",
      "dependencies": {
        "esbuild": "^0.17.5",
        "postcss": "^8.4.23",
        "rollup": "^3.21.0"
      },
      "bin": {
        "vite": "bin/vite.js"
      },
      "devDependencies": {
        "@ampproject/remapping": "^2.2.1",
        "@babel/parser": "^7.21.4",
        "@babel/types": "^7.21.4",
        "@jridgewell/trace-mapping": "^0.3.18",
        "@rollup/plugin-alias": "^4.0.4",
        "@rollup/plugin-commonjs": "^24.1.0",
        "@rollup/plugin-dynamic-import-vars": "^2.0.3",
        "@rollup/plugin-json": "^6.0.0",
        "@rollup/plugin-node-resolve": "15.0.2",
        "@rollup/plugin-typescript": "^11.1.0",
        "@rollup/pluginutils": "^5.0.2",
        "@types/escape-html": "^1.0.2",
        "@types/pnpapi": "^0.0.2",
        "acorn": "^8.8.2",
        "acorn-walk": "^8.2.0",
        "cac": "^6.7.14",
        "chokidar": "^3.5.3",
        "connect": "^3.7.0",
        "connect-history-api-fallback": "^2.0.0",
        "convert-source-map": "^2.0.0",
        "cors": "^2.8.5",
        "cross-spawn": "^7.0.3",
        "debug": "^4.3.4",
        "dep-types": "link:./src/types",
        "dotenv": "^16.0.3",
        "dotenv-expand": "^9.0.0",
        "es-module-lexer": "^1.2.1",
        "escape-html": "^1.0.3",
        "estree-walker": "^3.0.3",
        "etag": "^1.8.1",
        "fast-glob": "^3.2.12",
        "http-proxy": "^1.18.1",
        "json-stable-stringify": "^1.0.2",
        "launch-editor-middleware": "^2.6.0",
        "magic-string": "^0.30.0",
        "micromatch": "^4.0.5",
        "mlly": "^1.2.0",
        "mrmime": "^1.0.1",
        "okie": "^1.0.1",
        "open": "^8.4.2",
        "parse5": "^7.1.2",
        "periscopic": "^3.1.0",
        "picocolors": "^1.0.0",
        "picomatch": "^2.3.1",
        "postcss-import": "^15.1.0",
        "postcss-load-config": "^4.0.1",
        "postcss-modules": "^6.0.0",
        "resolve.exports": "^2.0.2",
        "rollup-plugin-license": "^3.0.1",
        "sirv": "^2.0.2",
        "source-map-support": "^0.5.21",
        "strip-ansi": "^7.0.1",
        "strip-literal": "^1.0.1",
        "tsconfck": "^2.1.1",
        "tslib": "^2.5.0",
        "types": "link:./types",
        "ufo": "^1.1.1",
        "ws": "^8.13.0"
      },
      "engines": {
        "node": "^14.18.0 || >=16.0.0"
      },
      "optionalDependencies": {
        "fsevents": "~2.3.2"
      },
      "peerDependencies": {
        "@types/node": ">= 14",
        "less": "*",
        "sass": "*",
        "stylus": "*",
        "sugarss": "*",
        "terser": "^5.4.0"
      },
      "peerDependenciesMeta": {
        "@types/node": {
          "optional": true
        },
        "less": {
          "optional": true
        },
        "sass": {
          "optional": true
        },
        "stylus": {
          "optional": true
        },
        "sugarss": {
          "optional": true
        },
        "terser": {
          "optional": true
        }
      }
    },
    "../node_modules/.pnpm/vue@3.3.4/node_modules/vue": {
      "version": "3.3.4",
      "license": "MIT",
      "dependencies": {
        "@vue/compiler-dom": "3.3.4",
        "@vue/compiler-sfc": "3.3.4",
        "@vue/runtime-dom": "3.3.4",
        "@vue/server-renderer": "3.3.4",
        "@vue/shared": "3.3.4"
      }
    },
    "node_modules/@fortawesome/fontawesome-svg-core": {
      "resolved": "../node_modules/.pnpm/@fortawesome+fontawesome-svg-core@6.4.0/node_modules/@fortawesome/fontawesome-svg-core",
      "link": true
    },
    "node_modules/@fortawesome/free-brands-svg-icons": {
      "resolved": "../node_modules/.pnpm/@fortawesome+free-brands-svg-icons@6.4.0/node_modules/@fortawesome/free-brands-svg-icons",
      "link": true
    },
    "node_modules/@fortawesome/free-regular-svg-icons": {
      "resolved": "../node_modules/.pnpm/@fortawesome+free-regular-svg-icons@6.4.0/node_modules/@fortawesome/free-regular-svg-icons",
      "link": true
    },
    "node_modules/@fortawesome/free-solid-svg-icons": {
      "resolved": "../node_modules/.pnpm/@fortawesome+free-solid-svg-icons@6.4.0/node_modules/@fortawesome/free-solid-svg-icons",
      "link": true
    },
    "node_modules/@fortawesome/vue-fontawesome": {
      "version": "3.0.3",
      "resolved": "https://npm.fontawesome.com/@fortawesome/vue-fontawesome/-/3.0.3/vue-fontawesome-3.0.3.tgz",
      "integrity": "sha512-KCPHi9QemVXGMrfuwf3nNnNo129resAIQWut9QTAMXmXqL2ErABC6ohd2yY5Ipq0CLWNbKHk8TMdTXL/Zf3ZhA==",
      "peerDependencies": {
        "@fortawesome/fontawesome-svg-core": "~1 || ~6",
        "vue": ">= 3.0.0 < 4"
      }
    },
    "node_modules/@vitejs/plugin-vue": {
      "resolved": "../node_modules/.pnpm/@vitejs+plugin-vue@4.2.3_vite@4.3.8_vue@3.3.4/node_modules/@vitejs/plugin-vue",
      "link": true
    },
    "node_modules/vite": {
      "resolved": "../node_modules/.pnpm/vite@4.3.8_@types+node@18.16.14/node_modules/vite",
      "link": true
    },
    "node_modules/vite-plugin-inspect": {
      "resolved": "../node_modules/.pnpm/vite-plugin-inspect@0.7.28_rollup@3.23.0_vite@4.3.8/node_modules/vite-plugin-inspect",
      "link": true
    },
    "node_modules/vue": {
      "resolved": "../node_modules/.pnpm/vue@3.3.4/node_modules/vue",
      "link": true
    }
  },
  "dependencies": {
    "@fortawesome/fontawesome-svg-core": {
      "version": "file:../node_modules/.pnpm/@fortawesome+fontawesome-svg-core@6.4.0/node_modules/@fortawesome/fontawesome-svg-core",
      "requires": {
        "@fortawesome/fontawesome-common-types": "6.4.0"
      }
    },
    "@fortawesome/free-brands-svg-icons": {
      "version": "file:../node_modules/.pnpm/@fortawesome+free-brands-svg-icons@6.4.0/node_modules/@fortawesome/free-brands-svg-icons",
      "requires": {
        "@fortawesome/fontawesome-common-types": "6.4.0"
      }
    },
    "@fortawesome/free-regular-svg-icons": {
      "version": "file:../node_modules/.pnpm/@fortawesome+free-regular-svg-icons@6.4.0/node_modules/@fortawesome/free-regular-svg-icons",
      "requires": {
        "@fortawesome/fontawesome-common-types": "6.4.0"
      }
    },
    "@fortawesome/free-solid-svg-icons": {
      "version": "file:../node_modules/.pnpm/@fortawesome+free-solid-svg-icons@6.4.0/node_modules/@fortawesome/free-solid-svg-icons",
      "requires": {
        "@fortawesome/fontawesome-common-types": "6.4.0"
      }
    },
    "@fortawesome/vue-fontawesome": {
      "version": "3.0.3",
      "resolved": "https://npm.fontawesome.com/@fortawesome/vue-fontawesome/-/3.0.3/vue-fontawesome-3.0.3.tgz",
      "integrity": "sha512-KCPHi9QemVXGMrfuwf3nNnNo129resAIQWut9QTAMXmXqL2ErABC6ohd2yY5Ipq0CLWNbKHk8TMdTXL/Zf3ZhA==",
      "requires": {}
    },
    "@vitejs/plugin-vue": {
      "version": "file:../node_modules/.pnpm/@vitejs+plugin-vue@4.2.3_vite@4.3.8_vue@3.3.4/node_modules/@vitejs/plugin-vue",
      "requires": {
        "@jridgewell/gen-mapping": "^0.3.2",
        "@jridgewell/trace-mapping": "^0.3.17",
        "debug": "^4.3.4",
        "rollup": "^3.17.2",
        "slash": "^5.0.0",
        "source-map": "^0.6.1",
        "vite": "^4.3.5",
        "vue": "^3.3.0-beta.5"
      }
    },
    "vite": {
      "version": "file:../node_modules/.pnpm/vite@4.3.8_@types+node@18.16.14/node_modules/vite",
      "requires": {
        "@ampproject/remapping": "^2.2.1",
        "@babel/parser": "^7.21.4",
        "@babel/types": "^7.21.4",
        "@jridgewell/trace-mapping": "^0.3.18",
        "@rollup/plugin-alias": "^4.0.4",
        "@rollup/plugin-commonjs": "^24.1.0",
        "@rollup/plugin-dynamic-import-vars": "^2.0.3",
        "@rollup/plugin-json": "^6.0.0",
        "@rollup/plugin-node-resolve": "15.0.2",
        "@rollup/plugin-typescript": "^11.1.0",
        "@rollup/pluginutils": "^5.0.2",
        "@types/escape-html": "^1.0.2",
        "@types/pnpapi": "^0.0.2",
        "acorn": "^8.8.2",
        "acorn-walk": "^8.2.0",
        "cac": "^6.7.14",
        "chokidar": "^3.5.3",
        "connect": "^3.7.0",
        "connect-history-api-fallback": "^2.0.0",
        "convert-source-map": "^2.0.0",
        "cors": "^2.8.5",
        "cross-spawn": "^7.0.3",
        "debug": "^4.3.4",
        "dep-types": "link:./src/types",
        "dotenv": "^16.0.3",
        "dotenv-expand": "^9.0.0",
        "es-module-lexer": "^1.2.1",
        "esbuild": "^0.17.5",
        "escape-html": "^1.0.3",
        "estree-walker": "^3.0.3",
        "etag": "^1.8.1",
        "fast-glob": "^3.2.12",
        "fsevents": "~2.3.2",
        "http-proxy": "^1.18.1",
        "json-stable-stringify": "^1.0.2",
        "launch-editor-middleware": "^2.6.0",
        "magic-string": "^0.30.0",
        "micromatch": "^4.0.5",
        "mlly": "^1.2.0",
        "mrmime": "^1.0.1",
        "okie": "^1.0.1",
        "open": "^8.4.2",
        "parse5": "^7.1.2",
        "periscopic": "^3.1.0",
        "picocolors": "^1.0.0",
        "picomatch": "^2.3.1",
        "postcss": "^8.4.23",
        "postcss-import": "^15.1.0",
        "postcss-load-config": "^4.0.1",
        "postcss-modules": "^6.0.0",
        "resolve.exports": "^2.0.2",
        "rollup": "^3.21.0",
        "rollup-plugin-license": "^3.0.1",
        "sirv": "^2.0.2",
        "source-map-support": "^0.5.21",
        "strip-ansi": "^7.0.1",
        "strip-literal": "^1.0.1",
        "tsconfck": "^2.1.1",
        "tslib": "^2.5.0",
        "types": "link:./types",
        "ufo": "^1.1.1",
        "ws": "^8.13.0"
      }
    },
    "vite-plugin-inspect": {
      "version": "file:../node_modules/.pnpm/vite-plugin-inspect@0.7.28_rollup@3.23.0_vite@4.3.8/node_modules/vite-plugin-inspect",
      "requires": {
        "@antfu/eslint-config": "^0.39.3",
        "@antfu/ni": "^0.21.3",
        "@antfu/utils": "^0.7.2",
        "@iconify/json": "^2.2.68",
        "@rollup/pluginutils": "^5.0.2",
        "@types/codemirror": "^5.60.7",
        "@types/debug": "^4.1.8",
        "@types/diff-match-patch": "^1.0.32",
        "@types/fs-extra": "^11.0.1",
        "@types/node": "^20.2.3",
        "@unocss/eslint-config": "^0.52.2",
        "@vitejs/plugin-vue": "^4.2.3",
        "@vue/compiler-sfc": "^3.3.4",
        "@vueuse/core": "^10.1.2",
        "@vueuse/router": "^10.1.2",
        "bumpp": "^9.1.0",
        "codemirror": "^5.65.8",
        "codemirror-theme-vars": "^0.1.2",
        "comlink": "^4.4.1",
        "cross-env": "^7.0.3",
        "debug": "^4.3.4",
        "diff-match-patch": "^1.0.5",
        "echarts": "^5.4.2",
        "eslint": "^8.41.0",
        "esno": "^0.16.3",
        "fs-extra": "^11.1.1",
        "fuse.js": "^6.6.2",
        "lint-staged": "^13.2.2",
        "npm-run-all": "^4.1.5",
        "ohash": "^1.1.2",
        "open": "^9.1.0",
        "picocolors": "^1.0.0",
        "prism-theme-vars": "^0.2.4",
        "rimraf": "^5.0.1",
        "simple-git-hooks": "^2.8.1",
        "sirv": "^2.0.3",
        "splitpanes": "^3.1.5",
        "typescript": "^5.0.4",
        "unbuild": "^1.2.1",
        "unocss": "^0.52.2",
        "unplugin-auto-import": "^0.16.2",
        "unplugin-vue-components": "^0.24.1",
        "vis-data": "7.1.6",
        "vis-network": "9.1.6",
        "vite": "^4.3.8",
        "vite-dev-rpc": "^0.1.2",
        "vite-hot-client": "^0.2.1",
        "vite-plugin-pages": "^0.30.1",
        "vue": "^3.3.4",
        "vue-echarts": "^6.5.5",
        "vue-router": "^4.2.1"
      }
    },
    "vue": {
      "version": "file:../node_modules/.pnpm/vue@3.3.4/node_modules/vue",
      "requires": {
        "@vue/compiler-dom": "3.3.4",
        "@vue/compiler-sfc": "3.3.4",
        "@vue/runtime-dom": "3.3.4",
        "@vue/server-renderer": "3.3.4",
        "@vue/shared": "3.3.4"
      }
    }
  }
}
